
Microsoft Visual Studio Solution File, Format Version 12.00
# Visual Studio Version 17
VisualStudioVersion = 17.4.33122.133
MinimumVisualStudioVersion = 10.0.40219.1
Project("{FAE04EC0-301F-11D3-BF4B-00C04F79EFBC}") = "APIVersioning", "APIVersioning\APIVersioning.csproj", "{75D3DCBA-1231-4413-98AA-0E77A91141AD}"
EndProject
Global
	GlobalSection(SolutionConfigurationPlatforms) = preSolution
		Debug|Any CPU = Debug|Any CPU
		Release|Any CPU = Release|Any CPU
	EndGlobalSection
	GlobalSection(ProjectConfigurationPlatforms) = postSolution
		{75D3DCBA-1231-4413-98AA-0E77A91141AD}.Debug|Any CPU.ActiveCfg = Debug|Any CPU
		{75D3DCBA-1231-4413-98AA-0E77A91141AD}.Debug|Any CPU.Build.0 = Debug|Any CPU
		{75D3DCBA-1231-4413-98AA-0E77A91141AD}.Release|Any CPU.ActiveCfg = Release|Any CPU
		{75D3DCBA-1231-4413-98AA-0E77A91141AD}.Release|Any CPU.Build.0 = Release|Any CPU
	EndGlobalSection
	GlobalSection(SolutionProperties) = preSolution
		HideSolutionNode = FALSE
	EndGlobalSection
	GlobalSection(ExtensibilityGlobals) = postSolution
		SolutionGuid = {72697BAF-D843-4A14-8DA0-0A7A3CECB751}
	EndGlobalSection
EndGlobal
